
Microsoft Visual Studio Solution File, Format Version 12.00
# Visual Studio Version 17
VisualStudioVersion = 17.11.35208.52
MinimumVisualStudioVersion = 10.0.40219.1
Project("{FAE04EC0-301F-11D3-BF4B-00C04F79EFBC}") = "WpfApp2", "WpfApp2.csproj", "{140B53D8-8B59-4F2B-8A56-E0FE15EC6FAB}"
EndProject
Global
	GlobalSection(SolutionConfigurationPlatforms) = preSolution
		Debug|Any CPU = Debug|Any CPU
		Release|Any CPU = Release|Any CPU
	EndGlobalSection
	GlobalSection(ProjectConfigurationPlatforms) = postSolution
		{140B53D8-8B59-4F2B-8A56-E0FE15EC6FAB}.Debug|Any CPU.ActiveCfg = Debug|Any CPU
		{140B53D8-8B59-4F2B-8A56-E0FE15EC6FAB}.Debug|Any CPU.Build.0 = Debug|Any CPU
		{140B53D8-8B59-4F2B-8A56-E0FE15EC6FAB}.Release|Any CPU.ActiveCfg = Release|Any CPU
		{140B53D8-8B59-4F2B-8A56-E0FE15EC6FAB}.Release|Any CPU.Build.0 = Release|Any CPU
	EndGlobalSection
	GlobalSection(SolutionProperties) = preSolution
		HideSolutionNode = FALSE
	EndGlobalSection
	GlobalSection(ExtensibilityGlobals) = postSolution
		SolutionGuid = {6779AD5E-9655-4F5D-A1CF-831CD5424EA5}
	EndGlobalSection
EndGlobal
